
Microsoft Visual Studio Solution File, Format Version 12.00
# Visual Studio Version 16
VisualStudioVersion = 16.0.30717.126
MinimumVisualStudioVersion = 10.0.40219.1
Project("{9A19103F-16F7-4668-BE54-9A1E7A4F7556}") = "DataDog.Lambda.DotNet", "DataDog.Lambda.DotNet\DataDog.Lambda.DotNet.csproj", "{B07D55D8-28B8-41DA-832E-1CC80E43C919}"
EndProject
Global
	GlobalSection(SolutionConfigurationPlatforms) = preSolution
		Debug|Any CPU = Debug|Any CPU
		Release|Any CPU = Release|Any CPU
	EndGlobalSection
	GlobalSection(ProjectConfigurationPlatforms) = postSolution
		{B07D55D8-28B8-41DA-832E-1CC80E43C919}.Debug|Any CPU.ActiveCfg = Debug|Any CPU
		{B07D55D8-28B8-41DA-832E-1CC80E43C919}.Debug|Any CPU.Build.0 = Debug|Any CPU
		{B07D55D8-28B8-41DA-832E-1CC80E43C919}.Release|Any CPU.ActiveCfg = Release|Any CPU
		{B07D55D8-28B8-41DA-832E-1CC80E43C919}.Release|Any CPU.Build.0 = Release|Any CPU
	EndGlobalSection
	GlobalSection(SolutionProperties) = preSolution
		HideSolutionNode = FALSE
	EndGlobalSection
	GlobalSection(ExtensibilityGlobals) = postSolution
		SolutionGuid = {4373F101-64C9-4E5F-9B7D-63C19286C1C7}
	EndGlobalSection
EndGlobal
